// !$*UTF8*$!
{
	archiveVersion = 1;
	classes = {
	};
	objectVersion = 46;
	objects = {

/* Begin PBXBuildFile section */
		370A95EF1CFBD62D00D80FE2 /* ZJPrinterSDK.m in Sources */ = {isa = PBXBuildFile; fileRef = 370A95EE1CFBD62D00D80FE2 /* ZJPrinterSDK.m */; };
		370A96221CFBEF8800D80FE2 /* ZiJiangPrinterManager.m in Sources */ = {isa = PBXBuildFile; fileRef = 370A96211CFBEF8800D80FE2 /* ZiJiangPrinterManager.m */; };
		37168ADF1CFFE3A100F38189 /* ImageHelper.m in Sources */ = {isa = PBXBuildFile; fileRef = 37168ADE1CFFE3A100F38189 /* ImageHelper.m */; };
		379651441CFBF40C0081AD64 /* ZJPrinterSDK.m in Sources */ = {isa = PBXBuildFile; fileRef = 379651431CFBF40C0081AD64 /* ZJPrinterSDK.m */; };
		379651681CFC26050081AD64 /* CBUUID+StringExtraction.m in Sources */ = {isa = PBXBuildFile; fileRef = 370A96251CFBEFE800D80FE2 /* CBUUID+StringExtraction.m */; };
		379651691CFC26050081AD64 /* LGCentralManager.m in Sources */ = {isa = PBXBuildFile; fileRef = 370A96281CFBEFE800D80FE2 /* LGCentralManager.m */; };
		3796516A1CFC26050081AD64 /* LGCharacteristic.m in Sources */ = {isa = PBXBuildFile; fileRef = 370A962A1CFBEFE800D80FE2 /* LGCharacteristic.m */; };
		3796516B1CFC26050081AD64 /* LGPeripheral.m in Sources */ = {isa = PBXBuildFile; fileRef = 370A962C1CFBEFE800D80FE2 /* LGPeripheral.m */; };
		3796516C1CFC26050081AD64 /* LGService.m in Sources */ = {isa = PBXBuildFile; fileRef = 370A962E1CFBEFE800D80FE2 /* LGService.m */; };
		3796516D1CFC26050081AD64 /* LGUtils.m in Sources */ = {isa = PBXBuildFile; fileRef = 370A96301CFBEFE800D80FE2 /* LGUtils.m */; };
		37FE0F151D0402550068D8C6 /* GCDAsyncUdpSocket.m in Sources */ = {isa = PBXBuildFile; fileRef = 37FE0F141D03F5890068D8C6 /* GCDAsyncUdpSocket.m */; };
		37FE0F161D0402570068D8C6 /* GCDAsyncSocket.m in Sources */ = {isa = PBXBuildFile; fileRef = 37FE0F121D03F5890068D8C6 /* GCDAsyncSocket.m */; };
		37FE0F171D0402590068D8C6 /* AsyncUdpSocket.m in Sources */ = {isa = PBXBuildFile; fileRef = 37FE0F101D03F5890068D8C6 /* AsyncUdpSocket.m */; };
		37FE0F181D04025B0068D8C6 /* AsyncSocket.m in Sources */ = {isa = PBXBuildFile; fileRef = 37FE0F0E1D03F5890068D8C6 /* AsyncSocket.m */; };
/* End PBXBuildFile section */

/* Begin PBXCopyFilesBuildPhase section */
		370A95E71CFBD62D00D80FE2 /* CopyFiles */ = {
			isa = PBXCopyFilesBuildPhase;
			buildActionMask = 2147483647;
			dstPath = "include/$(PRODUCT_NAME)";
			dstSubfolderSpec = 16;
			files = (
			);
			runOnlyForDeploymentPostprocessing = 0;
		};
/* End PBXCopyFilesBuildPhase section */

/* Begin PBXFileReference section */
		370A95E91CFBD62D00D80FE2 /* libZJPrinterSDK.a */ = {isa = PBXFileReference; explicitFileType = archive.ar; includeInIndex = 0; path = libZJPrinterSDK.a; sourceTree = BUILT_PRODUCTS_DIR; };
		370A95EE1CFBD62D00D80FE2 /* ZJPrinterSDK.m */ = {isa = PBXFileReference; lastKnownFileType = sourcecode.c.objc; path = ZJPrinterSDK.m; sourceTree = "<group>"; };
		370A961E1CFBEAD700D80FE2 /* ZJPrinterSDK.h */ = {isa = PBXFileReference; lastKnownFileType = sourcecode.c.h; path = ZJPrinterSDK.h; sourceTree = "<group>"; };
		370A96201CFBEF8800D80FE2 /* ZiJiangPrinterManager.h */ = {isa = PBXFileReference; fileEncoding = 4; lastKnownFileType = sourcecode.c.h; path = ZiJiangPrinterManager.h; sourceTree = "<group>"; };
		370A96211CFBEF8800D80FE2 /* ZiJiangPrinterManager.m */ = {isa = PBXFileReference; fileEncoding = 4; lastKnownFileType = sourcecode.c.objc; path = ZiJiangPrinterManager.m; sourceTree = "<group>"; };
		370A96241CFBEFE800D80FE2 /* CBUUID+StringExtraction.h */ = {isa = PBXFileReference; lastKnownFileType = sourcecode.c.h; path = "CBUUID+StringExtraction.h"; sourceTree = "<group>"; };
		370A96251CFBEFE800D80FE2 /* CBUUID+StringExtraction.m */ = {isa = PBXFileReference; lastKnownFileType = sourcecode.c.objc; path = "CBUUID+StringExtraction.m"; sourceTree = "<group>"; };
		370A96261CFBEFE800D80FE2 /* LGBluetooth.h */ = {isa = PBXFileReference; lastKnownFileType = sourcecode.c.h; path = LGBluetooth.h; sourceTree = "<group>"; };
		370A96271CFBEFE800D80FE2 /* LGCentralManager.h */ = {isa = PBXFileReference; lastKnownFileType = sourcecode.c.h; path = LGCentralManager.h; sourceTree = "<group>"; };
		370A96281CFBEFE800D80FE2 /* LGCentralManager.m */ = {isa = PBXFileReference; lastKnownFileType = sourcecode.c.objc; path = LGCentralManager.m; sourceTree = "<group>"; };
		370A96291CFBEFE800D80FE2 /* LGCharacteristic.h */ = {isa = PBXFileReference; lastKnownFileType = sourcecode.c.h; path = LGCharacteristic.h; sourceTree = "<group>"; };
		370A962A1CFBEFE800D80FE2 /* LGCharacteristic.m */ = {isa = PBXFileReference; lastKnownFileType = sourcecode.c.objc; path = LGCharacteristic.m; sourceTree = "<group>"; };
		370A962B1CFBEFE800D80FE2 /* LGPeripheral.h */ = {isa = PBXFileReference; lastKnownFileType = sourcecode.c.h; path = LGPeripheral.h; sourceTree = "<group>"; };
		370A962C1CFBEFE800D80FE2 /* LGPeripheral.m */ = {isa = PBXFileReference; lastKnownFileType = sourcecode.c.objc; path = LGPeripheral.m; sourceTree = "<group>"; };
		370A962D1CFBEFE800D80FE2 /* LGService.h */ = {isa = PBXFileReference; lastKnownFileType = sourcecode.c.h; path = LGService.h; sourceTree = "<group>"; };
		370A962E1CFBEFE800D80FE2 /* LGService.m */ = {isa = PBXFileReference; lastKnownFileType = sourcecode.c.objc; path = LGService.m; sourceTree = "<group>"; };
		370A962F1CFBEFE800D80FE2 /* LGUtils.h */ = {isa = PBXFileReference; lastKnownFileType = sourcecode.c.h; path = LGUtils.h; sourceTree = "<group>"; };
		370A96301CFBEFE800D80FE2 /* LGUtils.m */ = {isa = PBXFileReference; lastKnownFileType = sourcecode.c.objc; path = LGUtils.m; sourceTree = "<group>"; };
		37168ADD1CFFE3A100F38189 /* ImageHelper.h */ = {isa = PBXFileReference; fileEncoding = 4; lastKnownFileType = sourcecode.c.h; path = ImageHelper.h; sourceTree = "<group>"; };
		37168ADE1CFFE3A100F38189 /* ImageHelper.m */ = {isa = PBXFileReference; fileEncoding = 4; lastKnownFileType = sourcecode.c.objc; path = ImageHelper.m; sourceTree = "<group>"; };
		379651431CFBF40C0081AD64 /* ZJPrinterSDK.m */ = {isa = PBXFileReference; fileEncoding = 4; lastKnownFileType = sourcecode.c.objc; path = ZJPrinterSDK.m; sourceTree = "<group>"; };
		37FE0F0D1D03F5890068D8C6 /* AsyncSocket.h */ = {isa = PBXFileReference; lastKnownFileType = sourcecode.c.h; path = AsyncSocket.h; sourceTree = "<group>"; };
		37FE0F0E1D03F5890068D8C6 /* AsyncSocket.m */ = {isa = PBXFileReference; lastKnownFileType = sourcecode.c.objc; path = AsyncSocket.m; sourceTree = "<group>"; };
		37FE0F0F1D03F5890068D8C6 /* AsyncUdpSocket.h */ = {isa = PBXFileReference; lastKnownFileType = sourcecode.c.h; path = AsyncUdpSocket.h; sourceTree = "<group>"; };
		37FE0F101D03F5890068D8C6 /* AsyncUdpSocket.m */ = {isa = PBXFileReference; lastKnownFileType = sourcecode.c.objc; path = AsyncUdpSocket.m; sourceTree = "<group>"; };
		37FE0F111D03F5890068D8C6 /* GCDAsyncSocket.h */ = {isa = PBXFileReference; lastKnownFileType = sourcecode.c.h; path = GCDAsyncSocket.h; sourceTree = "<group>"; };
		37FE0F121D03F5890068D8C6 /* GCDAsyncSocket.m */ = {isa = PBXFileReference; lastKnownFileType = sourcecode.c.objc; path = GCDAsyncSocket.m; sourceTree = "<group>"; };
		37FE0F131D03F5890068D8C6 /* GCDAsyncUdpSocket.h */ = {isa = PBXFileReference; lastKnownFileType = sourcecode.c.h; path = GCDAsyncUdpSocket.h; sourceTree = "<group>"; };
		37FE0F141D03F5890068D8C6 /* GCDAsyncUdpSocket.m */ = {isa = PBXFileReference; lastKnownFileType = sourcecode.c.objc; path = GCDAsyncUdpSocket.m; sourceTree = "<group>"; };
/* End PBXFileReference section */

/* Begin PBXFrameworksBuildPhase section */
		370A95E61CFBD62D00D80FE2 /* Frameworks */ = {
			isa = PBXFrameworksBuildPhase;
			buildActionMask = 2147483647;
			files = (
			);
			runOnlyForDeploymentPostprocessing = 0;
		};
/* End PBXFrameworksBuildPhase section */

/* Begin PBXGroup section */
		370A95E01CFBD62D00D80FE2 = {
			isa = PBXGroup;
			children = (
				370A95EB1CFBD62D00D80FE2 /* ZJPrinterSDK */,
				370A95EA1CFBD62D00D80FE2 /* Products */,
			);
			sourceTree = "<group>";
		};
		370A95EA1CFBD62D00D80FE2 /* Products */ = {
			isa = PBXGroup;
			children = (
				370A95E91CFBD62D00D80FE2 /* libZJPrinterSDK.a */,
			);
			name = Products;
			sourceTree = "<group>";
		};
		370A95EB1CFBD62D00D80FE2 /* ZJPrinterSDK */ = {
			isa = PBXGroup;
			children = (
				370A961D1CFBEAD700D80FE2 /* include */,
				370A95EE1CFBD62D00D80FE2 /* ZJPrinterSDK.m */,
				370A96201CFBEF8800D80FE2 /* ZiJiangPrinterManager.h */,
				370A96211CFBEF8800D80FE2 /* ZiJiangPrinterManager.m */,
				379651431CFBF40C0081AD64 /* ZJPrinterSDK.m */,
				37168ADD1CFFE3A100F38189 /* ImageHelper.h */,
				37168ADE1CFFE3A100F38189 /* ImageHelper.m */,
				37FE0F0C1D03F5890068D8C6 /* CocoaAsyncSocket */,
				370A96231CFBEFE800D80FE2 /* LGBluetooth */,
			);
			path = ZJPrinterSDK;
			sourceTree = "<group>";
		};
		370A961D1CFBEAD700D80FE2 /* include */ = {
			isa = PBXGroup;
			children = (
				370A961E1CFBEAD700D80FE2 /* ZJPrinterSDK.h */,
			);
			path = include;
			sourceTree = "<group>";
		};
		370A96231CFBEFE800D80FE2 /* LGBluetooth */ = {
			isa = PBXGroup;
			children = (
				370A96241CFBEFE800D80FE2 /* CBUUID+StringExtraction.h */,
				370A96251CFBEFE800D80FE2 /* CBUUID+StringExtraction.m */,
				370A96261CFBEFE800D80FE2 /* LGBluetooth.h */,
				370A96271CFBEFE800D80FE2 /* LGCentralManager.h */,
				370A96281CFBEFE800D80FE2 /* LGCentralManager.m */,
				370A96291CFBEFE800D80FE2 /* LGCharacteristic.h */,
				370A962A1CFBEFE800D80FE2 /* LGCharacteristic.m */,
				370A962B1CFBEFE800D80FE2 /* LGPeripheral.h */,
				370A962C1CFBEFE800D80FE2 /* LGPeripheral.m */,
				370A962D1CFBEFE800D80FE2 /* LGService.h */,
				370A962E1CFBEFE800D80FE2 /* LGService.m */,
				370A962F1CFBEFE800D80FE2 /* LGUtils.h */,
				370A96301CFBEFE800D80FE2 /* LGUtils.m */,
			);
			path = LGBluetooth;
			sourceTree = "<group>";
		};
		37FE0F0C1D03F5890068D8C6 /* CocoaAsyncSocket */ = {
			isa = PBXGroup;
			children = (
				37FE0F0D1D03F5890068D8C6 /* AsyncSocket.h */,
				37FE0F0E1D03F5890068D8C6 /* AsyncSocket.m */,
				37FE0F0F1D03F5890068D8C6 /* AsyncUdpSocket.h */,
				37FE0F101D03F5890068D8C6 /* AsyncUdpSocket.m */,
				37FE0F111D03F5890068D8C6 /* GCDAsyncSocket.h */,
				37FE0F121D03F5890068D8C6 /* GCDAsyncSocket.m */,
				37FE0F131D03F5890068D8C6 /* GCDAsyncUdpSocket.h */,
				37FE0F141D03F5890068D8C6 /* GCDAsyncUdpSocket.m */,
			);
			path = CocoaAsyncSocket;
			sourceTree = "<group>";
		};
/* End PBXGroup section */

/* Begin PBXNativeTarget section */
		370A95E81CFBD62D00D80FE2 /* ZJPrinterSDK */ = {
			isa = PBXNativeTarget;
			buildConfigurationList = 370A95F21CFBD62D00D80FE2 /* Build configuration list for PBXNativeTarget "ZJPrinterSDK" */;
			buildPhases = (
				370A95E51CFBD62D00D80FE2 /* Sources */,
				370A95E61CFBD62D00D80FE2 /* Frameworks */,
				370A95E71CFBD62D00D80FE2 /* CopyFiles */,
			);
			buildRules = (
			);
			dependencies = (
			);
			name = ZJPrinterSDK;
			productName = ZJPrinterSDK;
			productReference = 370A95E91CFBD62D00D80FE2 /* libZJPrinterSDK.a */;
			productType = "com.apple.product-type.library.static";
		};
/* End PBXNativeTarget section */

/* Begin PBXProject section */
		370A95E11CFBD62D00D80FE2 /* Project object */ = {
			isa = PBXProject;
			attributes = {
				LastUpgradeCheck = 0730;
				TargetAttributes = {
					370A95E81CFBD62D00D80FE2 = {
						CreatedOnToolsVersion = 7.3;
					};
				};
			};
			buildConfigurationList = 370A95E41CFBD62D00D80FE2 /* Build configuration list for PBXProject "ZJPrinterSDK" */;
			compatibilityVersion = "Xcode 3.2";
			developmentRegion = English;
			hasScannedForEncodings = 0;
			knownRegions = (
				en,
			);
			mainGroup = 370A95E01CFBD62D00D80FE2;
			productRefGroup = 370A95EA1CFBD62D00D80FE2 /* Products */;
			projectDirPath = "";
			projectRoot = "";
			targets = (
				370A95E81CFBD62D00D80FE2 /* ZJPrinterSDK */,
			);
		};
/* End PBXProject section */

/* Begin PBXSourcesBuildPhase section */
		370A95E51CFBD62D00D80FE2 /* Sources */ = {
			isa = PBXSourcesBuildPhase;
			buildActionMask = 2147483647;
			files = (
				37FE0F161D0402570068D8C6 /* GCDAsyncSocket.m in Sources */,
				370A95EF1CFBD62D00D80FE2 /* ZJPrinterSDK.m in Sources */,
				37FE0F151D0402550068D8C6 /* GCDAsyncUdpSocket.m in Sources */,
				379651441CFBF40C0081AD64 /* ZJPrinterSDK.m in Sources */,
				3796516C1CFC26050081AD64 /* LGService.m in Sources */,
				3796516B1CFC26050081AD64 /* LGPeripheral.m in Sources */,
				370A96221CFBEF8800D80FE2 /* ZiJiangPrinterManager.m in Sources */,
				379651691CFC26050081AD64 /* LGCentralManager.m in Sources */,
				379651681CFC26050081AD64 /* CBUUID+StringExtraction.m in Sources */,
				3796516D1CFC26050081AD64 /* LGUtils.m in Sources */,
				3796516A1CFC26050081AD64 /* LGCharacteristic.m in Sources */,
				37168ADF1CFFE3A100F38189 /* ImageHelper.m in Sources */,
				37FE0F171D0402590068D8C6 /* AsyncUdpSocket.m in Sources */,
				37FE0F181D04025B0068D8C6 /* AsyncSocket.m in Sources */,
			);
			runOnlyForDeploymentPostprocessing = 0;
		};
/* End PBXSourcesBuildPhase section */

/* Begin XCBuildConfiguration section */
		370A95F01CFBD62D00D80FE2 /* Debug */ = {
			isa = XCBuildConfiguration;
			buildSettings = {
				ALWAYS_SEARCH_USER_PATHS = NO;
				CLANG_ANALYZER_NONNULL = YES;
				CLANG_CXX_LANGUAGE_STANDARD = "gnu++0x";
				CLANG_CXX_LIBRARY = "libc++";
				CLANG_ENABLE_MODULES = YES;
				CLANG_ENABLE_OBJC_ARC = YES;
				CLANG_WARN_BOOL_CONVERSION = YES;
				CLANG_WARN_CONSTANT_CONVERSION = YES;
				CLANG_WARN_DIRECT_OBJC_ISA_USAGE = YES_ERROR;
				CLANG_WARN_EMPTY_BODY = YES;
				CLANG_WARN_ENUM_CONVERSION = YES;
				CLANG_WARN_INT_CONVERSION = YES;
				CLANG_WARN_OBJC_ROOT_CLASS = YES_ERROR;
				CLANG_WARN_UNREACHABLE_CODE = YES;
				CLANG_WARN__DUPLICATE_METHOD_MATCH = YES;
				"CODE_SIGN_IDENTITY[sdk=iphoneos*]" = "iPhone Developer";
				COPY_PHASE_STRIP = NO;
				DEBUG_INFORMATION_FORMAT = dwarf;
				ENABLE_STRICT_OBJC_MSGSEND = YES;
				ENABLE_TESTABILITY = YES;
				GCC_C_LANGUAGE_STANDARD = gnu99;
				GCC_DYNAMIC_NO_PIC = NO;
				GCC_NO_COMMON_BLOCKS = YES;
				GCC_OPTIMIZATION_LEVEL = 0;
				GCC_PREPROCESSOR_DEFINITIONS = (
					"DEBUG=1",
					"$(inherited)",
				);
				GCC_WARN_64_TO_32_BIT_CONVERSION = YES;
				GCC_WARN_ABOUT_RETURN_TYPE = YES_ERROR;
				GCC_WARN_UNDECLARED_SELECTOR = YES;
				GCC_WARN_UNINITIALIZED_AUTOS = YES_AGGRESSIVE;
				GCC_WARN_UNUSED_FUNCTION = YES;
				GCC_WARN_UNUSED_VARIABLE = YES;
				IPHONEOS_DEPLOYMENT_TARGET = 7.0;
				MTL_ENABLE_DEBUG_INFO = YES;
				ONLY_ACTIVE_ARCH = YES;
				SDKROOT = iphoneos;
			};
			name = Debug;
		};
		370A95F11CFBD62D00D80FE2 /* Release */ = {
			isa = XCBuildConfiguration;
			buildSettings = {
				ALWAYS_SEARCH_USER_PATHS = NO;
				CLANG_ANALYZER_NONNULL = YES;
				CLANG_CXX_LANGUAGE_STANDARD = "gnu++0x";
				CLANG_CXX_LIBRARY = "libc++";
				CLANG_ENABLE_MODULES = YES;
				CLANG_ENABLE_OBJC_ARC = YES;
				CLANG_WARN_BOOL_CONVERSION = YES;
				CLANG_WARN_CONSTANT_CONVERSION = YES;
				CLANG_WARN_DIRECT_OBJC_ISA_USAGE = YES_ERROR;
				CLANG_WARN_EMPTY_BODY = YES;
				CLANG_WARN_ENUM_CONVERSION = YES;
				CLANG_WARN_INT_CONVERSION = YES;
				CLANG_WARN_OBJC_ROOT_CLASS = YES_ERROR;
				CLANG_WARN_UNREACHABLE_CODE = YES;
				CLANG_WARN__DUPLICATE_METHOD_MATCH = YES;
				"CODE_SIGN_IDENTITY[sdk=iphoneos*]" = "iPhone Developer";
				COPY_PHASE_STRIP = NO;
				DEBUG_INFORMATION_FORMAT = "dwarf-with-dsym";
				ENABLE_NS_ASSERTIONS = NO;
				ENABLE_STRICT_OBJC_MSGSEND = YES;
				GCC_C_LANGUAGE_STANDARD = gnu99;
				GCC_NO_COMMON_BLOCKS = YES;
				GCC_WARN_64_TO_32_BIT_CONVERSION = YES;
				GCC_WARN_ABOUT_RETURN_TYPE = YES_ERROR;
				GCC_WARN_UNDECLARED_SELECTOR = YES;
				GCC_WARN_UNINITIALIZED_AUTOS = YES_AGGRESSIVE;
				GCC_WARN_UNUSED_FUNCTION = YES;
				GCC_WARN_UNUSED_VARIABLE = YES;
				IPHONEOS_DEPLOYMENT_TARGET = 7.0;
				MTL_ENABLE_DEBUG_INFO = NO;
				SDKROOT = iphoneos;
				VALIDATE_PRODUCT = YES;
			};
			name = Release;
		};
		370A95F31CFBD62D00D80FE2 /* Debug */ = {
			isa = XCBuildConfiguration;
			buildSettings = {
				OTHER_LDFLAGS = "-ObjC";
				PRODUCT_NAME = ZJPrinterSDK;
				SKIP_INSTALL = YES;
			};
			name = Debug;
		};
		370A95F41CFBD62D00D80FE2 /* Release */ = {
			isa = XCBuildConfiguration;
			buildSettings = {
				OTHER_LDFLAGS = "-ObjC";
				PRODUCT_NAME = ZJPrinterSDK;
				SKIP_INSTALL = YES;
			};
			name = Release;
		};
/* End XCBuildConfiguration section */

/* Begin XCConfigurationList section */
		370A95E41CFBD62D00D80FE2 /* Build configuration list for PBXProject "ZJPrinterSDK" */ = {
			isa = XCConfigurationList;
			buildConfigurations = (
				370A95F01CFBD62D00D80FE2 /* Debug */,
				370A95F11CFBD62D00D80FE2 /* Release */,
			);
			defaultConfigurationIsVisible = 0;
			defaultConfigurationName = Release;
		};
		370A95F21CFBD62D00D80FE2 /* Build configuration list for PBXNativeTarget "ZJPrinterSDK" */ = {
			isa = XCConfigurationList;
			buildConfigurations = (
				370A95F31CFBD62D00D80FE2 /* Debug */,
				370A95F41CFBD62D00D80FE2 /* Release */,
			);
			defaultConfigurationIsVisible = 0;
			defaultConfigurationName = Release;
		};
/* End XCConfigurationList section */
	};
	rootObject = 370A95E11CFBD62D00D80FE2 /* Project object */;
}
